{
    "name": "abbreviate-arguments",
    "version": "1.0.0",
    "lockfileVersion": 1,
    "requires": true,
    "dependencies": {
        "indices-for-same-value": {
            "version": "5.0.0",
            "resolved": "https://registry.npmjs.org/indices-for-same-value/-/indices-for-same-value-5.0.0.tgz",
            "integrity": "sha512-z08ER7WkKNbyBFtDFaGHn68IHOcNhcOJVGq45LfAxBI1wKdnBMdo/XqcOUB9td+xcwslITwbW+YPJRjsjAuXkA=="
        },
        "keys-for-same-value": {
            "version": "5.0.0",
            "resolved": "https://registry.npmjs.org/keys-for-same-value/-/keys-for-same-value-5.0.0.tgz",
            "integrity": "sha512-utq6k5OIvPxtHgOUfsvrFNkaW29bLCXo2OlhswwVEn0yONksuYYI1Rw44MgMWVkpNtxyGRu/cOUpgVnI+Hk7vw=="
        },
        "unique-values": {
            "version": "1.0.0",
            "resolved": "https://registry.npmjs.org/unique-values/-/unique-values-1.0.0.tgz",
            "integrity": "sha512-x4Nyu2ehZb6r2jM/Oe862LiqewAxjvh1LlG81ydtm3o0ZVPThhQOcp5Or4R10/K1t4vt6/IQWWKwYPmeABA2SQ=="
        }
    }
}
